
Microsoft Visual Studio Solution File, Format Version 12.00
# Visual Studio Version 16
VisualStudioVersion = 16.0.32002.261
MinimumVisualStudioVersion = 10.0.40219.1
Project("{FAE04EC0-301F-11D3-BF4B-00C04F79EFBC}") = "FoxitDemo", "FoxitDemo\FoxitDemo.csproj", "{AC26A74C-D1EA-4B7A-AF28-79CE97F9606E}"
EndProject
Global
	GlobalSection(SolutionConfigurationPlatforms) = preSolution
		Debug|Any CPU = Debug|Any CPU
		Release|Any CPU = Release|Any CPU
	EndGlobalSection
	GlobalSection(ProjectConfigurationPlatforms) = postSolution
		{AC26A74C-D1EA-4B7A-AF28-79CE97F9606E}.Debug|Any CPU.ActiveCfg = Debug|Any CPU
		{AC26A74C-D1EA-4B7A-AF28-79CE97F9606E}.Debug|Any CPU.Build.0 = Debug|Any CPU
		{AC26A74C-D1EA-4B7A-AF28-79CE97F9606E}.Release|Any CPU.ActiveCfg = Release|Any CPU
		{AC26A74C-D1EA-4B7A-AF28-79CE97F9606E}.Release|Any CPU.Build.0 = Release|Any CPU
	EndGlobalSection
	GlobalSection(SolutionProperties) = preSolution
		HideSolutionNode = FALSE
	EndGlobalSection
	GlobalSection(ExtensibilityGlobals) = postSolution
		SolutionGuid = {FF84B03E-ADEA-4DBE-93F8-2B338256C689}
	EndGlobalSection
EndGlobal
